
Microsoft Visual Studio Solution File, Format Version 12.00
# Visual Studio Version 17
VisualStudioVersion = 17.13.35919.96
MinimumVisualStudioVersion = 10.0.40219.1
Project("{8BC9CEB8-8B4A-11D0-8D11-00A0C91BC942}") = "CppIntro", "CppIntro\CppIntro.vcxproj", "{3B4360BF-F982-414D-A197-2A25FB87409C}"
EndProject
Project("{8BC9CEB8-8B4A-11D0-8D11-00A0C91BC942}") = "IfElseApp", "IfElseApp\IfElseApp.vcxproj", "{C6ED150D-D6A1-4B00-9D37-1F8A16CCD20D}"
EndProject
Project("{8BC9CEB8-8B4A-11D0-8D11-00A0C91BC942}") = "3_Loops", "3_Loops\3_Loops.vcxproj", "{C61751B7-8FCF-455C-A807-695AA36CB85E}"
EndProject
Project("{8BC9CEB8-8B4A-11D0-8D11-00A0C91BC942}") = "4_OneDimensionalArrays", "4_OneDimensionalArrays\4_OneDimensionalArrays.vcxproj", "{20DA2F66-C978-48A6-A775-493F9A9E1EC3}"
EndProject
Project("{8BC9CEB8-8B4A-11D0-8D11-00A0C91BC942}") = "5_MultiDimensionalArrays", "5_MultiDimensionalArrays\5_MultiDimensionalArrays.vcxproj", "{0725E924-C4A6-408D-B56C-836E027E2536}"
EndProject
Project("{8BC9CEB8-8B4A-11D0-8D11-00A0C91BC942}") = "6_Functions", "6_Functions\6_Functions.vcxproj", "{DDC8EDAA-643C-440F-B17A-480C1EEFF47A}"
EndProject
Project("{8BC9CEB8-8B4A-11D0-8D11-00A0C91BC942}") = "7_TemplateFunctions", "7_TemplateFunctions\7_TemplateFunctions.vcxproj", "{6169FEE3-1EA4-4D7C-AA6B-9FDAB6A21886}"
EndProject
Project("{8BC9CEB8-8B4A-11D0-8D11-00A0C91BC942}") = "8_1_Recursion", "8_1_Recursion\8_1_Recursion.vcxproj", "{1E7AE3C5-20D5-4AB0-BBDF-EF1F8C2D5473}"
EndProject
Project("{8BC9CEB8-8B4A-11D0-8D11-00A0C91BC942}") = "8_2_Sorting", "8_2_Sorting\8_2_Sorting.vcxproj", "{7B3890F3-F3D6-49F8-AA0A-55DEEE231657}"
EndProject
Project("{8BC9CEB8-8B4A-11D0-8D11-00A0C91BC942}") = "8_3_FastAndBinarySearch_QuickSort", "8_3_FastAndBinarySearch_QuickSort\8_3_FastAndBinarySearch_QuickSort.vcxproj", "{379E2B6D-FADC-4327-BD14-9B2D5CB440F2}"
EndProject
Project("{8BC9CEB8-8B4A-11D0-8D11-00A0C91BC942}") = "8_4_Stl_Search_Sort_Other", "8_4_Stl_Search_Sort_Other\8_4_Stl_Search_Sort_Other.vcxproj", "{0C63537D-B15F-4E39-B508-BEEB73E83398}"
EndProject
Project("{8BC9CEB8-8B4A-11D0-8D11-00A0C91BC942}") = "9_Pointers", "9_Pointers\9_Pointers.vcxproj", "{8CCE6C12-A16C-488D-8C53-8D36BD2A53AA}"
EndProject
Project("{8BC9CEB8-8B4A-11D0-8D11-00A0C91BC942}") = "9_2_Pointers", "9_2_Pointers\9_2_Pointers.vcxproj", "{07FCD7F2-EB8F-4E24-83BF-BE4E8DC4266E}"
EndProject
Project("{8BC9CEB8-8B4A-11D0-8D11-00A0C91BC942}") = "9_3_Pointers", "9_3_Pointers\9_3_Pointers.vcxproj", "{24A8CFCD-FD3E-494E-9AE9-1F79D9C8DD58}"
EndProject
Project("{8BC9CEB8-8B4A-11D0-8D11-00A0C91BC942}") = "10_Strings", "10_Strings\10_Strings.vcxproj", "{ACE5AD8A-9E1D-481B-9C55-607DB97645B6}"
EndProject
Project("{8BC9CEB8-8B4A-11D0-8D11-00A0C91BC942}") = "11_1_DynamicMultyArray", "11_1_DynamicMultyArray\11_1_DynamicMultyArray.vcxproj", "{E9FCAE48-1306-4B3C-818E-062CF7EA6E13}"
EndProject
Project("{8BC9CEB8-8B4A-11D0-8D11-00A0C91BC942}") = "11_2_DynamicMultyArray", "11_2_DynamicMultyArray\11_2_DynamicMultyArray.vcxproj", "{CF32D75A-5CD7-41DA-9EF0-98436E261A48}"
EndProject
Project("{8BC9CEB8-8B4A-11D0-8D11-00A0C91BC942}") = "11_3_FunctionPointers", "11_3_FunctionPointers\11_3_FunctionPointers.vcxproj", "{D1720569-EA22-461E-951B-2505C41E045F}"
EndProject
Project("{8BC9CEB8-8B4A-11D0-8D11-00A0C91BC942}") = "12_Structures", "12_Structures\12_Structures.vcxproj", "{4F21B427-D547-445F-B38E-DF34E6C57B42}"
EndProject
Project("{8BC9CEB8-8B4A-11D0-8D11-00A0C91BC942}") = "12_1_StructuresAndDynamicMemory", "12_1_StructuresAndDynamicMemory\12_1_StructuresAndDynamicMemory.vcxproj", "{F57348AC-3FAF-4CFB-95CB-D5EB7237B400}"
EndProject
Project("{8BC9CEB8-8B4A-11D0-8D11-00A0C91BC942}") = "13_BinaryOperations", "13_BinaryOperations\13_BinaryOperations.vcxproj", "{5C406945-CA64-48F6-9D5F-CF5F922304AB}"
EndProject
Project("{8BC9CEB8-8B4A-11D0-8D11-00A0C91BC942}") = "14_FileOperations", "14_FileOperations\14_FileOperations.vcxproj", "{D266AAF1-97BE-4A0E-9A81-B03A49E5AB18}"
EndProject
Project("{8BC9CEB8-8B4A-11D0-8D11-00A0C91BC942}") = "15_1_Preprocessor", "15_1_Preprocessor\15_1_Preprocessor.vcxproj", "{254C093C-D797-4F29-BC9E-FA4F89DE5B16}"
EndProject
Project("{8BC9CEB8-8B4A-11D0-8D11-00A0C91BC942}") = "15_2_Preprocessor", "15_2_Preprocessor\15_2_Preprocessor.vcxproj", "{51150921-B241-4D3D-B6E1-D6DF3CE61C41}"
EndProject
Project("{8BC9CEB8-8B4A-11D0-8D11-00A0C91BC942}") = "15_3_Preprocessor", "15_3_Preprocessor\15_3_Preprocessor.vcxproj", "{5D65B93E-3868-47BF-BFFA-A5DFB850A92A}"
EndProject
Project("{8BC9CEB8-8B4A-11D0-8D11-00A0C91BC942}") = "16_IntroToOOP", "16_IntroToOOP\16_IntroToOOP.vcxproj", "{CF20984B-8B39-4640-B1B4-A2AA6BC8828E}"
EndProject
Project("{8BC9CEB8-8B4A-11D0-8D11-00A0C91BC942}") = "17_1_OverloadOperators", "17_1_OverloadOperators\17_1_OverloadOperators.vcxproj", "{5A61A7BA-5785-4CDA-AF3C-5290C8F945BB}"
EndProject
Global
	GlobalSection(SolutionConfigurationPlatforms) = preSolution
		Debug|x64 = Debug|x64
		Debug|x86 = Debug|x86
		Release|x64 = Release|x64
		Release|x86 = Release|x86
	EndGlobalSection
	GlobalSection(ProjectConfigurationPlatforms) = postSolution
		{3B4360BF-F982-414D-A197-2A25FB87409C}.Debug|x64.ActiveCfg = Debug|x64
		{3B4360BF-F982-414D-A197-2A25FB87409C}.Debug|x64.Build.0 = Debug|x64
		{3B4360BF-F982-414D-A197-2A25FB87409C}.Debug|x86.ActiveCfg = Debug|Win32
		{3B4360BF-F982-414D-A197-2A25FB87409C}.Debug|x86.Build.0 = Debug|Win32
		{3B4360BF-F982-414D-A197-2A25FB87409C}.Release|x64.ActiveCfg = Release|x64
		{3B4360BF-F982-414D-A197-2A25FB87409C}.Release|x64.Build.0 = Release|x64
		{3B4360BF-F982-414D-A197-2A25FB87409C}.Release|x86.ActiveCfg = Release|Win32
		{3B4360BF-F982-414D-A197-2A25FB87409C}.Release|x86.Build.0 = Release|Win32
		{C6ED150D-D6A1-4B00-9D37-1F8A16CCD20D}.Debug|x64.ActiveCfg = Debug|x64
		{C6ED150D-D6A1-4B00-9D37-1F8A16CCD20D}.Debug|x64.Build.0 = Debug|x64
		{C6ED150D-D6A1-4B00-9D37-1F8A16CCD20D}.Debug|x86.ActiveCfg = Debug|Win32
		{C6ED150D-D6A1-4B00-9D37-1F8A16CCD20D}.Debug|x86.Build.0 = Debug|Win32
		{C6ED150D-D6A1-4B00-9D37-1F8A16CCD20D}.Release|x64.ActiveCfg = Release|x64
		{C6ED150D-D6A1-4B00-9D37-1F8A16CCD20D}.Release|x64.Build.0 = Release|x64
		{C6ED150D-D6A1-4B00-9D37-1F8A16CCD20D}.Release|x86.ActiveCfg = Release|Win32
		{C6ED150D-D6A1-4B00-9D37-1F8A16CCD20D}.Release|x86.Build.0 = Release|Win32
		{C61751B7-8FCF-455C-A807-695AA36CB85E}.Debug|x64.ActiveCfg = Debug|x64
		{C61751B7-8FCF-455C-A807-695AA36CB85E}.Debug|x64.Build.0 = Debug|x64
		{C61751B7-8FCF-455C-A807-695AA36CB85E}.Debug|x86.ActiveCfg = Debug|Win32
		{C61751B7-8FCF-455C-A807-695AA36CB85E}.Debug|x86.Build.0 = Debug|Win32
		{C61751B7-8FCF-455C-A807-695AA36CB85E}.Release|x64.ActiveCfg = Release|x64
		{C61751B7-8FCF-455C-A807-695AA36CB85E}.Release|x64.Build.0 = Release|x64
		{C61751B7-8FCF-455C-A807-695AA36CB85E}.Release|x86.ActiveCfg = Release|Win32
		{C61751B7-8FCF-455C-A807-695AA36CB85E}.Release|x86.Build.0 = Release|Win32
		{20DA2F66-C978-48A6-A775-493F9A9E1EC3}.Debug|x64.ActiveCfg = Debug|x64
		{20DA2F66-C978-48A6-A775-493F9A9E1EC3}.Debug|x64.Build.0 = Debug|x64
		{20DA2F66-C978-48A6-A775-493F9A9E1EC3}.Debug|x86.ActiveCfg = Debug|Win32
		{20DA2F66-C978-48A6-A775-493F9A9E1EC3}.Debug|x86.Build.0 = Debug|Win32
		{20DA2F66-C978-48A6-A775-493F9A9E1EC3}.Release|x64.ActiveCfg = Release|x64
		{20DA2F66-C978-48A6-A775-493F9A9E1EC3}.Release|x64.Build.0 = Release|x64
		{20DA2F66-C978-48A6-A775-493F9A9E1EC3}.Release|x86.ActiveCfg = Release|Win32
		{20DA2F66-C978-48A6-A775-493F9A9E1EC3}.Release|x86.Build.0 = Release|Win32
		{0725E924-C4A6-408D-B56C-836E027E2536}.Debug|x64.ActiveCfg = Debug|x64
		{0725E924-C4A6-408D-B56C-836E027E2536}.Debug|x64.Build.0 = Debug|x64
		{0725E924-C4A6-408D-B56C-836E027E2536}.Debug|x86.ActiveCfg = Debug|Win32
		{0725E924-C4A6-408D-B56C-836E027E2536}.Debug|x86.Build.0 = Debug|Win32
		{0725E924-C4A6-408D-B56C-836E027E2536}.Release|x64.ActiveCfg = Release|x64
		{0725E924-C4A6-408D-B56C-836E027E2536}.Release|x64.Build.0 = Release|x64
		{0725E924-C4A6-408D-B56C-836E027E2536}.Release|x86.ActiveCfg = Release|Win32
		{0725E924-C4A6-408D-B56C-836E027E2536}.Release|x86.Build.0 = Release|Win32
		{DDC8EDAA-643C-440F-B17A-480C1EEFF47A}.Debug|x64.ActiveCfg = Debug|x64
		{DDC8EDAA-643C-440F-B17A-480C1EEFF47A}.Debug|x64.Build.0 = Debug|x64
		{DDC8EDAA-643C-440F-B17A-480C1EEFF47A}.Debug|x86.ActiveCfg = Debug|Win32
		{DDC8EDAA-643C-440F-B17A-480C1EEFF47A}.Debug|x86.Build.0 = Debug|Win32
		{DDC8EDAA-643C-440F-B17A-480C1EEFF47A}.Release|x64.ActiveCfg = Release|x64
		{DDC8EDAA-643C-440F-B17A-480C1EEFF47A}.Release|x64.Build.0 = Release|x64
		{DDC8EDAA-643C-440F-B17A-480C1EEFF47A}.Release|x86.ActiveCfg = Release|Win32
		{DDC8EDAA-643C-440F-B17A-480C1EEFF47A}.Release|x86.Build.0 = Release|Win32
		{6169FEE3-1EA4-4D7C-AA6B-9FDAB6A21886}.Debug|x64.ActiveCfg = Debug|x64
		{6169FEE3-1EA4-4D7C-AA6B-9FDAB6A21886}.Debug|x64.Build.0 = Debug|x64
		{6169FEE3-1EA4-4D7C-AA6B-9FDAB6A21886}.Debug|x86.ActiveCfg = Debug|Win32
		{6169FEE3-1EA4-4D7C-AA6B-9FDAB6A21886}.Debug|x86.Build.0 = Debug|Win32
		{6169FEE3-1EA4-4D7C-AA6B-9FDAB6A21886}.Release|x64.ActiveCfg = Release|x64
		{6169FEE3-1EA4-4D7C-AA6B-9FDAB6A21886}.Release|x64.Build.0 = Release|x64
		{6169FEE3-1EA4-4D7C-AA6B-9FDAB6A21886}.Release|x86.ActiveCfg = Release|Win32
		{6169FEE3-1EA4-4D7C-AA6B-9FDAB6A21886}.Release|x86.Build.0 = Release|Win32
		{1E7AE3C5-20D5-4AB0-BBDF-EF1F8C2D5473}.Debug|x64.ActiveCfg = Debug|x64
		{1E7AE3C5-20D5-4AB0-BBDF-EF1F8C2D5473}.Debug|x64.Build.0 = Debug|x64
		{1E7AE3C5-20D5-4AB0-BBDF-EF1F8C2D5473}.Debug|x86.ActiveCfg = Debug|Win32
		{1E7AE3C5-20D5-4AB0-BBDF-EF1F8C2D5473}.Debug|x86.Build.0 = Debug|Win32
		{1E7AE3C5-20D5-4AB0-BBDF-EF1F8C2D5473}.Release|x64.ActiveCfg = Release|x64
		{1E7AE3C5-20D5-4AB0-BBDF-EF1F8C2D5473}.Release|x64.Build.0 = Release|x64
		{1E7AE3C5-20D5-4AB0-BBDF-EF1F8C2D5473}.Release|x86.ActiveCfg = Release|Win32
		{1E7AE3C5-20D5-4AB0-BBDF-EF1F8C2D5473}.Release|x86.Build.0 = Release|Win32
		{7B3890F3-F3D6-49F8-AA0A-55DEEE231657}.Debug|x64.ActiveCfg = Debug|x64
		{7B3890F3-F3D6-49F8-AA0A-55DEEE231657}.Debug|x64.Build.0 = Debug|x64
		{7B3890F3-F3D6-49F8-AA0A-55DEEE231657}.Debug|x86.ActiveCfg = Debug|Win32
		{7B3890F3-F3D6-49F8-AA0A-55DEEE231657}.Debug|x86.Build.0 = Debug|Win32
		{7B3890F3-F3D6-49F8-AA0A-55DEEE231657}.Release|x64.ActiveCfg = Release|x64
		{7B3890F3-F3D6-49F8-AA0A-55DEEE231657}.Release|x64.Build.0 = Release|x64
		{7B3890F3-F3D6-49F8-AA0A-55DEEE231657}.Release|x86.ActiveCfg = Release|Win32
		{7B3890F3-F3D6-49F8-AA0A-55DEEE231657}.Release|x86.Build.0 = Release|Win32
		{379E2B6D-FADC-4327-BD14-9B2D5CB440F2}.Debug|x64.ActiveCfg = Debug|x64
		{379E2B6D-FADC-4327-BD14-9B2D5CB440F2}.Debug|x64.Build.0 = Debug|x64
		{379E2B6D-FADC-4327-BD14-9B2D5CB440F2}.Debug|x86.ActiveCfg = Debug|Win32
		{379E2B6D-FADC-4327-BD14-9B2D5CB440F2}.Debug|x86.Build.0 = Debug|Win32
		{379E2B6D-FADC-4327-BD14-9B2D5CB440F2}.Release|x64.ActiveCfg = Release|x64
		{379E2B6D-FADC-4327-BD14-9B2D5CB440F2}.Release|x64.Build.0 = Release|x64
		{379E2B6D-FADC-4327-BD14-9B2D5CB440F2}.Release|x86.ActiveCfg = Release|Win32
		{379E2B6D-FADC-4327-BD14-9B2D5CB440F2}.Release|x86.Build.0 = Release|Win32
		{0C63537D-B15F-4E39-B508-BEEB73E83398}.Debug|x64.ActiveCfg = Debug|x64
		{0C63537D-B15F-4E39-B508-BEEB73E83398}.Debug|x64.Build.0 = Debug|x64
		{0C63537D-B15F-4E39-B508-BEEB73E83398}.Debug|x86.ActiveCfg = Debug|Win32
		{0C63537D-B15F-4E39-B508-BEEB73E83398}.Debug|x86.Build.0 = Debug|Win32
		{0C63537D-B15F-4E39-B508-BEEB73E83398}.Release|x64.ActiveCfg = Release|x64
		{0C63537D-B15F-4E39-B508-BEEB73E83398}.Release|x64.Build.0 = Release|x64
		{0C63537D-B15F-4E39-B508-BEEB73E83398}.Release|x86.ActiveCfg = Release|Win32
		{0C63537D-B15F-4E39-B508-BEEB73E83398}.Release|x86.Build.0 = Release|Win32
		{8CCE6C12-A16C-488D-8C53-8D36BD2A53AA}.Debug|x64.ActiveCfg = Debug|x64
		{8CCE6C12-A16C-488D-8C53-8D36BD2A53AA}.Debug|x64.Build.0 = Debug|x64
		{8CCE6C12-A16C-488D-8C53-8D36BD2A53AA}.Debug|x86.ActiveCfg = Debug|Win32
		{8CCE6C12-A16C-488D-8C53-8D36BD2A53AA}.Debug|x86.Build.0 = Debug|Win32
		{8CCE6C12-A16C-488D-8C53-8D36BD2A53AA}.Release|x64.ActiveCfg = Release|x64
		{8CCE6C12-A16C-488D-8C53-8D36BD2A53AA}.Release|x64.Build.0 = Release|x64
		{8CCE6C12-A16C-488D-8C53-8D36BD2A53AA}.Release|x86.ActiveCfg = Release|Win32
		{8CCE6C12-A16C-488D-8C53-8D36BD2A53AA}.Release|x86.Build.0 = Release|Win32
		{07FCD7F2-EB8F-4E24-83BF-BE4E8DC4266E}.Debug|x64.ActiveCfg = Debug|x64
		{07FCD7F2-EB8F-4E24-83BF-BE4E8DC4266E}.Debug|x64.Build.0 = Debug|x64
		{07FCD7F2-EB8F-4E24-83BF-BE4E8DC4266E}.Debug|x86.ActiveCfg = Debug|Win32
		{07FCD7F2-EB8F-4E24-83BF-BE4E8DC4266E}.Debug|x86.Build.0 = Debug|Win32
		{07FCD7F2-EB8F-4E24-83BF-BE4E8DC4266E}.Release|x64.ActiveCfg = Release|x64
		{07FCD7F2-EB8F-4E24-83BF-BE4E8DC4266E}.Release|x64.Build.0 = Release|x64
		{07FCD7F2-EB8F-4E24-83BF-BE4E8DC4266E}.Release|x86.ActiveCfg = Release|Win32
		{07FCD7F2-EB8F-4E24-83BF-BE4E8DC4266E}.Release|x86.Build.0 = Release|Win32
		{24A8CFCD-FD3E-494E-9AE9-1F79D9C8DD58}.Debug|x64.ActiveCfg = Debug|x64
		{24A8CFCD-FD3E-494E-9AE9-1F79D9C8DD58}.Debug|x64.Build.0 = Debug|x64
		{24A8CFCD-FD3E-494E-9AE9-1F79D9C8DD58}.Debug|x86.ActiveCfg = Debug|Win32
		{24A8CFCD-FD3E-494E-9AE9-1F79D9C8DD58}.Debug|x86.Build.0 = Debug|Win32
		{24A8CFCD-FD3E-494E-9AE9-1F79D9C8DD58}.Release|x64.ActiveCfg = Release|x64
		{24A8CFCD-FD3E-494E-9AE9-1F79D9C8DD58}.Release|x64.Build.0 = Release|x64
		{24A8CFCD-FD3E-494E-9AE9-1F79D9C8DD58}.Release|x86.ActiveCfg = Release|Win32
		{24A8CFCD-FD3E-494E-9AE9-1F79D9C8DD58}.Release|x86.Build.0 = Release|Win32
		{ACE5AD8A-9E1D-481B-9C55-607DB97645B6}.Debug|x64.ActiveCfg = Debug|x64
		{ACE5AD8A-9E1D-481B-9C55-607DB97645B6}.Debug|x64.Build.0 = Debug|x64
		{ACE5AD8A-9E1D-481B-9C55-607DB97645B6}.Debug|x86.ActiveCfg = Debug|Win32
		{ACE5AD8A-9E1D-481B-9C55-607DB97645B6}.Debug|x86.Build.0 = Debug|Win32
		{ACE5AD8A-9E1D-481B-9C55-607DB97645B6}.Release|x64.ActiveCfg = Release|x64
		{ACE5AD8A-9E1D-481B-9C55-607DB97645B6}.Release|x64.Build.0 = Release|x64
		{ACE5AD8A-9E1D-481B-9C55-607DB97645B6}.Release|x86.ActiveCfg = Release|Win32
		{ACE5AD8A-9E1D-481B-9C55-607DB97645B6}.Release|x86.Build.0 = Release|Win32
		{E9FCAE48-1306-4B3C-818E-062CF7EA6E13}.Debug|x64.ActiveCfg = Debug|x64
		{E9FCAE48-1306-4B3C-818E-062CF7EA6E13}.Debug|x64.Build.0 = Debug|x64
		{E9FCAE48-1306-4B3C-818E-062CF7EA6E13}.Debug|x86.ActiveCfg = Debug|Win32
		{E9FCAE48-1306-4B3C-818E-062CF7EA6E13}.Debug|x86.Build.0 = Debug|Win32
		{E9FCAE48-1306-4B3C-818E-062CF7EA6E13}.Release|x64.ActiveCfg = Release|x64
		{E9FCAE48-1306-4B3C-818E-062CF7EA6E13}.Release|x64.Build.0 = Release|x64
		{E9FCAE48-1306-4B3C-818E-062CF7EA6E13}.Release|x86.ActiveCfg = Release|Win32
		{E9FCAE48-1306-4B3C-818E-062CF7EA6E13}.Release|x86.Build.0 = Release|Win32
		{CF32D75A-5CD7-41DA-9EF0-98436E261A48}.Debug|x64.ActiveCfg = Debug|x64
		{CF32D75A-5CD7-41DA-9EF0-98436E261A48}.Debug|x64.Build.0 = Debug|x64
		{CF32D75A-5CD7-41DA-9EF0-98436E261A48}.Debug|x86.ActiveCfg = Debug|Win32
		{CF32D75A-5CD7-41DA-9EF0-98436E261A48}.Debug|x86.Build.0 = Debug|Win32
		{CF32D75A-5CD7-41DA-9EF0-98436E261A48}.Release|x64.ActiveCfg = Release|x64
		{CF32D75A-5CD7-41DA-9EF0-98436E261A48}.Release|x64.Build.0 = Release|x64
		{CF32D75A-5CD7-41DA-9EF0-98436E261A48}.Release|x86.ActiveCfg = Release|Win32
		{CF32D75A-5CD7-41DA-9EF0-98436E261A48}.Release|x86.Build.0 = Release|Win32
		{D1720569-EA22-461E-951B-2505C41E045F}.Debug|x64.ActiveCfg = Debug|x64
		{D1720569-EA22-461E-951B-2505C41E045F}.Debug|x64.Build.0 = Debug|x64
		{D1720569-EA22-461E-951B-2505C41E045F}.Debug|x86.ActiveCfg = Debug|Win32
		{D1720569-EA22-461E-951B-2505C41E045F}.Debug|x86.Build.0 = Debug|Win32
		{D1720569-EA22-461E-951B-2505C41E045F}.Release|x64.ActiveCfg = Release|x64
		{D1720569-EA22-461E-951B-2505C41E045F}.Release|x64.Build.0 = Release|x64
		{D1720569-EA22-461E-951B-2505C41E045F}.Release|x86.ActiveCfg = Release|Win32
		{D1720569-EA22-461E-951B-2505C41E045F}.Release|x86.Build.0 = Release|Win32
		{4F21B427-D547-445F-B38E-DF34E6C57B42}.Debug|x64.ActiveCfg = Debug|x64
		{4F21B427-D547-445F-B38E-DF34E6C57B42}.Debug|x64.Build.0 = Debug|x64
		{4F21B427-D547-445F-B38E-DF34E6C57B42}.Debug|x86.ActiveCfg = Debug|Win32
		{4F21B427-D547-445F-B38E-DF34E6C57B42}.Debug|x86.Build.0 = Debug|Win32
		{4F21B427-D547-445F-B38E-DF34E6C57B42}.Release|x64.ActiveCfg = Release|x64
		{4F21B427-D547-445F-B38E-DF34E6C57B42}.Release|x64.Build.0 = Release|x64
		{4F21B427-D547-445F-B38E-DF34E6C57B42}.Release|x86.ActiveCfg = Release|Win32
		{4F21B427-D547-445F-B38E-DF34E6C57B42}.Release|x86.Build.0 = Release|Win32
		{F57348AC-3FAF-4CFB-95CB-D5EB7237B400}.Debug|x64.ActiveCfg = Debug|x64
		{F57348AC-3FAF-4CFB-95CB-D5EB7237B400}.Debug|x64.Build.0 = Debug|x64
		{F57348AC-3FAF-4CFB-95CB-D5EB7237B400}.Debug|x86.ActiveCfg = Debug|Win32
		{F57348AC-3FAF-4CFB-95CB-D5EB7237B400}.Debug|x86.Build.0 = Debug|Win32
		{F57348AC-3FAF-4CFB-95CB-D5EB7237B400}.Release|x64.ActiveCfg = Release|x64
		{F57348AC-3FAF-4CFB-95CB-D5EB7237B400}.Release|x64.Build.0 = Release|x64
		{F57348AC-3FAF-4CFB-95CB-D5EB7237B400}.Release|x86.ActiveCfg = Release|Win32
		{F57348AC-3FAF-4CFB-95CB-D5EB7237B400}.Release|x86.Build.0 = Release|Win32
		{5C406945-CA64-48F6-9D5F-CF5F922304AB}.Debug|x64.ActiveCfg = Debug|x64
		{5C406945-CA64-48F6-9D5F-CF5F922304AB}.Debug|x64.Build.0 = Debug|x64
		{5C406945-CA64-48F6-9D5F-CF5F922304AB}.Debug|x86.ActiveCfg = Debug|Win32
		{5C406945-CA64-48F6-9D5F-CF5F922304AB}.Debug|x86.Build.0 = Debug|Win32
		{5C406945-CA64-48F6-9D5F-CF5F922304AB}.Release|x64.ActiveCfg = Release|x64
		{5C406945-CA64-48F6-9D5F-CF5F922304AB}.Release|x64.Build.0 = Release|x64
		{5C406945-CA64-48F6-9D5F-CF5F922304AB}.Release|x86.ActiveCfg = Release|Win32
		{5C406945-CA64-48F6-9D5F-CF5F922304AB}.Release|x86.Build.0 = Release|Win32
		{D266AAF1-97BE-4A0E-9A81-B03A49E5AB18}.Debug|x64.ActiveCfg = Debug|x64
		{D266AAF1-97BE-4A0E-9A81-B03A49E5AB18}.Debug|x64.Build.0 = Debug|x64
		{D266AAF1-97BE-4A0E-9A81-B03A49E5AB18}.Debug|x86.ActiveCfg = Debug|Win32
		{D266AAF1-97BE-4A0E-9A81-B03A49E5AB18}.Debug|x86.Build.0 = Debug|Win32
		{D266AAF1-97BE-4A0E-9A81-B03A49E5AB18}.Release|x64.ActiveCfg = Release|x64
		{D266AAF1-97BE-4A0E-9A81-B03A49E5AB18}.Release|x64.Build.0 = Release|x64
		{D266AAF1-97BE-4A0E-9A81-B03A49E5AB18}.Release|x86.ActiveCfg = Release|Win32
		{D266AAF1-97BE-4A0E-9A81-B03A49E5AB18}.Release|x86.Build.0 = Release|Win32
		{254C093C-D797-4F29-BC9E-FA4F89DE5B16}.Debug|x64.ActiveCfg = Debug|x64
		{254C093C-D797-4F29-BC9E-FA4F89DE5B16}.Debug|x64.Build.0 = Debug|x64
		{254C093C-D797-4F29-BC9E-FA4F89DE5B16}.Debug|x86.ActiveCfg = Debug|Win32
		{254C093C-D797-4F29-BC9E-FA4F89DE5B16}.Debug|x86.Build.0 = Debug|Win32
		{254C093C-D797-4F29-BC9E-FA4F89DE5B16}.Release|x64.ActiveCfg = Release|x64
		{254C093C-D797-4F29-BC9E-FA4F89DE5B16}.Release|x64.Build.0 = Release|x64
		{254C093C-D797-4F29-BC9E-FA4F89DE5B16}.Release|x86.ActiveCfg = Release|Win32
		{254C093C-D797-4F29-BC9E-FA4F89DE5B16}.Release|x86.Build.0 = Release|Win32
		{51150921-B241-4D3D-B6E1-D6DF3CE61C41}.Debug|x64.ActiveCfg = Debug|x64
		{51150921-B241-4D3D-B6E1-D6DF3CE61C41}.Debug|x64.Build.0 = Debug|x64
		{51150921-B241-4D3D-B6E1-D6DF3CE61C41}.Debug|x86.ActiveCfg = Debug|Win32
		{51150921-B241-4D3D-B6E1-D6DF3CE61C41}.Debug|x86.Build.0 = Debug|Win32
		{51150921-B241-4D3D-B6E1-D6DF3CE61C41}.Release|x64.ActiveCfg = Release|x64
		{51150921-B241-4D3D-B6E1-D6DF3CE61C41}.Release|x64.Build.0 = Release|x64
		{51150921-B241-4D3D-B6E1-D6DF3CE61C41}.Release|x86.ActiveCfg = Release|Win32
		{51150921-B241-4D3D-B6E1-D6DF3CE61C41}.Release|x86.Build.0 = Release|Win32
		{5D65B93E-3868-47BF-BFFA-A5DFB850A92A}.Debug|x64.ActiveCfg = Debug|x64
		{5D65B93E-3868-47BF-BFFA-A5DFB850A92A}.Debug|x64.Build.0 = Debug|x64
		{5D65B93E-3868-47BF-BFFA-A5DFB850A92A}.Debug|x86.ActiveCfg = Debug|Win32
		{5D65B93E-3868-47BF-BFFA-A5DFB850A92A}.Debug|x86.Build.0 = Debug|Win32
		{5D65B93E-3868-47BF-BFFA-A5DFB850A92A}.Release|x64.ActiveCfg = Release|x64
		{5D65B93E-3868-47BF-BFFA-A5DFB850A92A}.Release|x64.Build.0 = Release|x64
		{5D65B93E-3868-47BF-BFFA-A5DFB850A92A}.Release|x86.ActiveCfg = Release|Win32
		{5D65B93E-3868-47BF-BFFA-A5DFB850A92A}.Release|x86.Build.0 = Release|Win32
		{CF20984B-8B39-4640-B1B4-A2AA6BC8828E}.Debug|x64.ActiveCfg = Debug|x64
		{CF20984B-8B39-4640-B1B4-A2AA6BC8828E}.Debug|x64.Build.0 = Debug|x64
		{CF20984B-8B39-4640-B1B4-A2AA6BC8828E}.Debug|x86.ActiveCfg = Debug|Win32
		{CF20984B-8B39-4640-B1B4-A2AA6BC8828E}.Debug|x86.Build.0 = Debug|Win32
		{CF20984B-8B39-4640-B1B4-A2AA6BC8828E}.Release|x64.ActiveCfg = Release|x64
		{CF20984B-8B39-4640-B1B4-A2AA6BC8828E}.Release|x64.Build.0 = Release|x64
		{CF20984B-8B39-4640-B1B4-A2AA6BC8828E}.Release|x86.ActiveCfg = Release|Win32
		{CF20984B-8B39-4640-B1B4-A2AA6BC8828E}.Release|x86.Build.0 = Release|Win32
		{5A61A7BA-5785-4CDA-AF3C-5290C8F945BB}.Debug|x64.ActiveCfg = Debug|x64
		{5A61A7BA-5785-4CDA-AF3C-5290C8F945BB}.Debug|x64.Build.0 = Debug|x64
		{5A61A7BA-5785-4CDA-AF3C-5290C8F945BB}.Debug|x86.ActiveCfg = Debug|Win32
		{5A61A7BA-5785-4CDA-AF3C-5290C8F945BB}.Debug|x86.Build.0 = Debug|Win32
		{5A61A7BA-5785-4CDA-AF3C-5290C8F945BB}.Release|x64.ActiveCfg = Release|x64
		{5A61A7BA-5785-4CDA-AF3C-5290C8F945BB}.Release|x64.Build.0 = Release|x64
		{5A61A7BA-5785-4CDA-AF3C-5290C8F945BB}.Release|x86.ActiveCfg = Release|Win32
		{5A61A7BA-5785-4CDA-AF3C-5290C8F945BB}.Release|x86.Build.0 = Release|Win32
	EndGlobalSection
	GlobalSection(SolutionProperties) = preSolution
		HideSolutionNode = FALSE
	EndGlobalSection
	GlobalSection(ExtensibilityGlobals) = postSolution
		SolutionGuid = {155737BF-DF94-418C-BA40-1CA3F1B94868}
	EndGlobalSection
EndGlobal
